<?xml version="1.0" encoding="utf-8"?>
<Project ToolsVersion="4.0" xmlns="http://schemas.microsoft.com/developer/msbuild/2003">
  <ItemGroup>
    <Filter Include="source%28%2a.c%29">
      <UniqueIdentifier>{4FC737F1-C7A5-4376-A066-2A32D752A2FF}</UniqueIdentifier>
      <Extensions>cpp;c;cc;cxx;def;odl;idl;hpj;bat;asm;asmx</Extensions>
    </Filter>
    <Filter Include="source%28%2a.c%29\rtp">
      <UniqueIdentifier>{f4d34542-a78c-44fc-8000-1a9f2e7911e0}</UniqueIdentifier>
    </Filter>
    <Filter Include="source%28%2a.c%29\rtcp">
      <UniqueIdentifier>{de3551bc-04f5-4686-97f1-e22d29b99bfc}</UniqueIdentifier>
    </Filter>
    <Filter Include="source%28%2a.c%29\rtsp">
      <UniqueIdentifier>{2772b2fa-da7a-425d-a4b4-86f1eae89e08}</UniqueIdentifier>
    </Filter>
    <Filter Include="include%28%2a.h%29">
      <UniqueIdentifier>{93995380-89BD-4b04-88EB-625FBE52EBFB}</UniqueIdentifier>
      <Extensions>h;hpp;hxx;hm;inl;inc;xsd</Extensions>
    </Filter>
    <Filter Include="include%28%2a.h%29\rtp">
      <UniqueIdentifier>{b60c6a87-4c00-42b6-a5d0-03ef202c0945}</UniqueIdentifier>
    </Filter>
    <Filter Include="include%28%2a.h%29\rtcp">
      <UniqueIdentifier>{c8749caf-a174-4522-8a45-30b023ced35c}</UniqueIdentifier>
    </Filter>
    <Filter Include="include%28%2a.h%29\rtsp">
      <UniqueIdentifier>{899f02ea-214e-4f36-8c78-2ce6ca7212fb}</UniqueIdentifier>
    </Filter>
    <Filter Include="resources%28%2a.rc%29">
      <UniqueIdentifier>{b3004b41-544e-48be-946d-50843a672682}</UniqueIdentifier>
    </Filter>
  </ItemGroup>
  <ItemGroup>
    <ClCompile Include="src\trtp.c">
      <Filter>source%28%2a.c%29</Filter>
    </ClCompile>
    <ClCompile Include="src\trtp_manager.c">
      <Filter>source%28%2a.c%29</Filter>
    </ClCompile>
    <ClCompile Include="src\trtp_srtp.c">
      <Filter>source%28%2a.c%29</Filter>
    </ClCompile>
    <ClCompile Include="src\rtp\trtp_rtp_header.c">
      <Filter>source%28%2a.c%29\rtp</Filter>
    </ClCompile>
    <ClCompile Include="src\rtp\trtp_rtp_packet.c">
      <Filter>source%28%2a.c%29\rtp</Filter>
    </ClCompile>
    <ClCompile Include="src\rtp\trtp_rtp_session.c">
      <Filter>source%28%2a.c%29\rtp</Filter>
    </ClCompile>
    <ClCompile Include="src\rtcp\trtp_rtcp_header.c">
      <Filter>source%28%2a.c%29\rtcp</Filter>
    </ClCompile>
    <ClCompile Include="src\rtcp\trtp_rtcp_packet.c">
      <Filter>source%28%2a.c%29\rtcp</Filter>
    </ClCompile>
    <ClCompile Include="src\rtcp\trtp_rtcp_rblock.c">
      <Filter>source%28%2a.c%29\rtcp</Filter>
    </ClCompile>
    <ClCompile Include="src\rtcp\trtp_rtcp_report.c">
      <Filter>source%28%2a.c%29\rtcp</Filter>
    </ClCompile>
    <ClCompile Include="src\rtcp\trtp_rtcp_report_bye.c">
      <Filter>source%28%2a.c%29\rtcp</Filter>
    </ClCompile>
    <ClCompile Include="src\rtcp\trtp_rtcp_report_fb.c">
      <Filter>source%28%2a.c%29\rtcp</Filter>
    </ClCompile>
    <ClCompile Include="src\rtcp\trtp_rtcp_report_rr.c">
      <Filter>source%28%2a.c%29\rtcp</Filter>
    </ClCompile>
    <ClCompile Include="src\rtcp\trtp_rtcp_report_sdes.c">
      <Filter>source%28%2a.c%29\rtcp</Filter>
    </ClCompile>
    <ClCompile Include="src\rtcp\trtp_rtcp_report_sr.c">
      <Filter>source%28%2a.c%29\rtcp</Filter>
    </ClCompile>
    <ClCompile Include="src\rtcp\trtp_rtcp_report_xr.c">
      <Filter>source%28%2a.c%29\rtcp</Filter>
    </ClCompile>
    <ClCompile Include="src\rtcp\trtp_rtcp_sdes_chunck.c">
      <Filter>source%28%2a.c%29\rtcp</Filter>
    </ClCompile>
    <ClCompile Include="src\rtcp\trtp_rtcp_sdes_item.c">
      <Filter>source%28%2a.c%29\rtcp</Filter>
    </ClCompile>
    <ClCompile Include="src\rtcp\trtp_rtcp_session.c">
      <Filter>source%28%2a.c%29\rtcp</Filter>
    </ClCompile>
  </ItemGroup>
  <ItemGroup>
    <ClInclude Include="include\tinyrtp.h">
      <Filter>include%28%2a.h%29</Filter>
    </ClInclude>
    <ClInclude Include="include\tinyrtp_config.h">
      <Filter>include%28%2a.h%29</Filter>
    </ClInclude>
    <ClInclude Include="include\tinyrtp\trtp.h">
      <Filter>include%28%2a.h%29</Filter>
    </ClInclude>
    <ClInclude Include="include\tinyrtp\trtp_manager.h">
      <Filter>include%28%2a.h%29</Filter>
    </ClInclude>
    <ClInclude Include="include\tinyrtp\trtp_srtp.h">
      <Filter>include%28%2a.h%29</Filter>
    </ClInclude>
    <ClInclude Include="include\tinyrtp\rtp\trtp_rtp_header.h">
      <Filter>include%28%2a.h%29\rtp</Filter>
    </ClInclude>
    <ClInclude Include="include\tinyrtp\rtp\trtp_rtp_packet.h">
      <Filter>include%28%2a.h%29\rtp</Filter>
    </ClInclude>
    <ClInclude Include="include\tinyrtp\rtp\trtp_rtp_session.h">
      <Filter>include%28%2a.h%29\rtp</Filter>
    </ClInclude>
    <ClInclude Include="include\tinyrtp\rtcp\trtp_rtcp_header.h">
      <Filter>include%28%2a.h%29\rtcp</Filter>
    </ClInclude>
    <ClInclude Include="include\tinyrtp\rtcp\trtp_rtcp_packet.h">
      <Filter>include%28%2a.h%29\rtcp</Filter>
    </ClInclude>
    <ClInclude Include="include\tinyrtp\rtcp\trtp_rtcp_rblock.h">
      <Filter>include%28%2a.h%29\rtcp</Filter>
    </ClInclude>
    <ClInclude Include="include\tinyrtp\rtcp\trtp_rtcp_report.h">
      <Filter>include%28%2a.h%29\rtcp</Filter>
    </ClInclude>
    <ClInclude Include="include\tinyrtp\rtcp\trtp_rtcp_report_bye.h">
      <Filter>include%28%2a.h%29\rtcp</Filter>
    </ClInclude>
    <ClInclude Include="include\tinyrtp\rtcp\trtp_rtcp_report_fb.h">
      <Filter>include%28%2a.h%29\rtcp</Filter>
    </ClInclude>
    <ClInclude Include="include\tinyrtp\rtcp\trtp_rtcp_report_rr.h">
      <Filter>include%28%2a.h%29\rtcp</Filter>
    </ClInclude>
    <ClInclude Include="include\tinyrtp\rtcp\trtp_rtcp_report_sdes.h">
      <Filter>include%28%2a.h%29\rtcp</Filter>
    </ClInclude>
    <ClInclude Include="include\tinyrtp\rtcp\trtp_rtcp_report_sr.h">
      <Filter>include%28%2a.h%29\rtcp</Filter>
    </ClInclude>
    <ClInclude Include="include\tinyrtp\rtcp\trtp_rtcp_report_xr.h">
      <Filter>include%28%2a.h%29\rtcp</Filter>
    </ClInclude>
    <ClInclude Include="include\tinyrtp\rtcp\trtp_rtcp_sdes_chunck.h">
      <Filter>include%28%2a.h%29\rtcp</Filter>
    </ClInclude>
    <ClInclude Include="include\tinyrtp\rtcp\trtp_rtcp_sdes_item.h">
      <Filter>include%28%2a.h%29\rtcp</Filter>
    </ClInclude>
    <ClInclude Include="include\tinyrtp\rtcp\trtp_rtcp_session.h">
      <Filter>include%28%2a.h%29\rtcp</Filter>
    </ClInclude>
  </ItemGroup>
  <ItemGroup>
    <ResourceCompile Include="version.rc">
      <Filter>resources%28%2a.rc%29</Filter>
    </ResourceCompile>
  </ItemGroup>
</Project>