<?xml version="1.0" encoding="utf-8"?>
<Project ToolsVersion="4.0" xmlns="http://schemas.microsoft.com/developer/msbuild/2003">
  <ItemGroup>
    <Filter Include="source%28%2a.c%29">
      <UniqueIdentifier>{fa359434-7253-4978-ac72-8fe6091231ea}</UniqueIdentifier>
    </Filter>
    <Filter Include="source%28%2a.c%29\stun">
      <UniqueIdentifier>{113c43b2-e4b3-4233-be96-37a3e7b38216}</UniqueIdentifier>
    </Filter>
    <Filter Include="source%28%2a.c%29\turn">
      <UniqueIdentifier>{92f66506-6bb2-4466-807c-e09e21482e9d}</UniqueIdentifier>
    </Filter>
    <Filter Include="source%28%2a.c%29\ice">
      <UniqueIdentifier>{05fb1b16-8b7e-43a0-b8c8-0f2800e9a9ff}</UniqueIdentifier>
    </Filter>
    <Filter Include="source%28%2a.c%29\dns">
      <UniqueIdentifier>{aed730ec-cb08-4bc3-be02-0cf4d6ab0c92}</UniqueIdentifier>
    </Filter>
    <Filter Include="source%28%2a.c%29\dhcp4">
      <UniqueIdentifier>{374ade6d-3ab7-4e8e-8cae-2c59153ceedc}</UniqueIdentifier>
    </Filter>
    <Filter Include="source%28%2a.c%29\dhcp6">
      <UniqueIdentifier>{307eca12-34d2-457f-9492-0816d37db25a}</UniqueIdentifier>
    </Filter>
    <Filter Include="source%28%2a.c%29\tls">
      <UniqueIdentifier>{d67a63b4-8a56-455d-80ec-18035f60d568}</UniqueIdentifier>
    </Filter>
    <Filter Include="include%28%2a.h%29">
      <UniqueIdentifier>{c3002e31-5aae-4bb4-b87b-f1c4b4b4ae59}</UniqueIdentifier>
    </Filter>
    <Filter Include="include%28%2a.h%29\stun">
      <UniqueIdentifier>{a19ea5ef-4420-4dc1-8a7a-aa14319856cf}</UniqueIdentifier>
    </Filter>
    <Filter Include="include%28%2a.h%29\turn">
      <UniqueIdentifier>{274ecca5-0629-4cc7-bbca-fd3520e4213c}</UniqueIdentifier>
    </Filter>
    <Filter Include="include%28%2a.h%29\ice">
      <UniqueIdentifier>{2b6132a0-ccd6-4fc7-bc19-70f3a4b9f31b}</UniqueIdentifier>
    </Filter>
    <Filter Include="include%28%2a.h%29\dns">
      <UniqueIdentifier>{76b53ae2-05ad-47be-90d9-4a2bca49ab9a}</UniqueIdentifier>
    </Filter>
    <Filter Include="include%28%2a.h%29\dhcp">
      <UniqueIdentifier>{db5046f7-e64c-4c95-b82f-b29fdbc2547d}</UniqueIdentifier>
    </Filter>
    <Filter Include="include%28%2a.h%29\dhcp6">
      <UniqueIdentifier>{8753b376-2e11-4620-b67e-68142303f992}</UniqueIdentifier>
    </Filter>
    <Filter Include="include%28%2a.h%29\tls">
      <UniqueIdentifier>{74731b16-16c9-4839-b623-ec7ee9ad16b9}</UniqueIdentifier>
    </Filter>
    <Filter Include="ragel%28.rl%29">
      <UniqueIdentifier>{8e508ef5-e4fe-422d-b6d4-b02ef8e2c988}</UniqueIdentifier>
    </Filter>
    <Filter Include="resources%28%2a.rc%29">
      <UniqueIdentifier>{55a8898c-7db3-4040-b9bc-64928a9a0708}</UniqueIdentifier>
    </Filter>
  </ItemGroup>
  <ItemGroup>
    <ClCompile Include="src\tnet.c">
      <Filter>source%28%2a.c%29</Filter>
    </ClCompile>
    <ClCompile Include="src\tnet_auth.c">
      <Filter>source%28%2a.c%29</Filter>
    </ClCompile>
    <ClCompile Include="src\tnet_endianness.c">
      <Filter>source%28%2a.c%29</Filter>
    </ClCompile>
    <ClCompile Include="src\tnet_nat.c">
      <Filter>source%28%2a.c%29</Filter>
    </ClCompile>
    <ClCompile Include="src\tnet_poll.c">
      <Filter>source%28%2a.c%29</Filter>
    </ClCompile>
    <ClCompile Include="src\tnet_proxy_node_socks_plugin.c">
      <Filter>source%28%2a.c%29</Filter>
    </ClCompile>
    <ClCompile Include="src\tnet_proxy_plugin.c">
      <Filter>source%28%2a.c%29</Filter>
    </ClCompile>
    <ClCompile Include="src\tnet_proxydetect.c">
      <Filter>source%28%2a.c%29</Filter>
    </ClCompile>
    <ClCompile Include="src\tnet_socket.c">
      <Filter>source%28%2a.c%29</Filter>
    </ClCompile>
    <ClCompile Include="src\tnet_transport.c">
      <Filter>source%28%2a.c%29</Filter>
    </ClCompile>
    <ClCompile Include="src\tnet_transport_cfsocket.c">
      <Filter>source%28%2a.c%29</Filter>
    </ClCompile>
    <ClCompile Include="src\tnet_transport_poll.c">
      <Filter>source%28%2a.c%29</Filter>
    </ClCompile>
    <ClCompile Include="src\tnet_transport_win32.c">
      <Filter>source%28%2a.c%29</Filter>
    </ClCompile>
    <ClCompile Include="src\tnet_utils.c">
      <Filter>source%28%2a.c%29</Filter>
    </ClCompile>
    <ClCompile Include="src\stun\tnet_stun.c">
      <Filter>source%28%2a.c%29\stun</Filter>
    </ClCompile>
    <ClCompile Include="src\stun\tnet_stun_attr.c">
      <Filter>source%28%2a.c%29\stun</Filter>
    </ClCompile>
    <ClCompile Include="src\stun\tnet_stun_attribute.c">
      <Filter>source%28%2a.c%29\stun</Filter>
    </ClCompile>
    <ClCompile Include="src\stun\tnet_stun_binding.c">
      <Filter>source%28%2a.c%29\stun</Filter>
    </ClCompile>
    <ClCompile Include="src\stun\tnet_stun_message.c">
      <Filter>source%28%2a.c%29\stun</Filter>
    </ClCompile>
    <ClCompile Include="src\stun\tnet_stun_pkt.c">
      <Filter>source%28%2a.c%29\stun</Filter>
    </ClCompile>
    <ClCompile Include="src\stun\tnet_stun_utils.c">
      <Filter>source%28%2a.c%29\stun</Filter>
    </ClCompile>
    <ClCompile Include="src\turn\tnet_turn.c">
      <Filter>source%28%2a.c%29\turn</Filter>
    </ClCompile>
    <ClCompile Include="src\turn\tnet_turn_attr.c">
      <Filter>source%28%2a.c%29\turn</Filter>
    </ClCompile>
    <ClCompile Include="src\turn\tnet_turn_attribute.c">
      <Filter>source%28%2a.c%29\turn</Filter>
    </ClCompile>
    <ClCompile Include="src\turn\tnet_turn_message.c">
      <Filter>source%28%2a.c%29\turn</Filter>
    </ClCompile>
    <ClCompile Include="src\turn\tnet_turn_session.c">
      <Filter>source%28%2a.c%29\turn</Filter>
    </ClCompile>
    <ClCompile Include="src\ice\tnet_ice_candidate.c">
      <Filter>source%28%2a.c%29\ice</Filter>
    </ClCompile>
    <ClCompile Include="src\ice\tnet_ice_ctx.c">
      <Filter>source%28%2a.c%29\ice</Filter>
    </ClCompile>
    <ClCompile Include="src\ice\tnet_ice_event.c">
      <Filter>source%28%2a.c%29\ice</Filter>
    </ClCompile>
    <ClCompile Include="src\ice\tnet_ice_pair.c">
      <Filter>source%28%2a.c%29\ice</Filter>
    </ClCompile>
    <ClCompile Include="src\ice\tnet_ice_utils.c">
      <Filter>source%28%2a.c%29\ice</Filter>
    </ClCompile>
    <ClCompile Include="src\dns\tnet_dns.c">
      <Filter>source%28%2a.c%29\dns</Filter>
    </ClCompile>
    <ClCompile Include="src\dns\tnet_dns_a.c">
      <Filter>source%28%2a.c%29\dns</Filter>
    </ClCompile>
    <ClCompile Include="src\dns\tnet_dns_aaaa.c">
      <Filter>source%28%2a.c%29\dns</Filter>
    </ClCompile>
    <ClCompile Include="src\dns\tnet_dns_cname.c">
      <Filter>source%28%2a.c%29\dns</Filter>
    </ClCompile>
    <ClCompile Include="src\dns\tnet_dns_message.c">
      <Filter>source%28%2a.c%29\dns</Filter>
    </ClCompile>
    <ClCompile Include="src\dns\tnet_dns_mx.c">
      <Filter>source%28%2a.c%29\dns</Filter>
    </ClCompile>
    <ClCompile Include="src\dns\tnet_dns_naptr.c">
      <Filter>source%28%2a.c%29\dns</Filter>
    </ClCompile>
    <ClCompile Include="src\dns\tnet_dns_ns.c">
      <Filter>source%28%2a.c%29\dns</Filter>
    </ClCompile>
    <ClCompile Include="src\dns\tnet_dns_opt.c">
      <Filter>source%28%2a.c%29\dns</Filter>
    </ClCompile>
    <ClCompile Include="src\dns\tnet_dns_ptr.c">
      <Filter>source%28%2a.c%29\dns</Filter>
    </ClCompile>
    <ClCompile Include="src\dns\tnet_dns_regexp.c">
      <Filter>source%28%2a.c%29\dns</Filter>
    </ClCompile>
    <ClCompile Include="src\dns\tnet_dns_resolvconf.c">
      <Filter>source%28%2a.c%29\dns</Filter>
    </ClCompile>
    <ClCompile Include="src\dns\tnet_dns_rr.c">
      <Filter>source%28%2a.c%29\dns</Filter>
    </ClCompile>
    <ClCompile Include="src\dns\tnet_dns_soa.c">
      <Filter>source%28%2a.c%29\dns</Filter>
    </ClCompile>
    <ClCompile Include="src\dns\tnet_dns_srv.c">
      <Filter>source%28%2a.c%29\dns</Filter>
    </ClCompile>
    <ClCompile Include="src\dns\tnet_dns_txt.c">
      <Filter>source%28%2a.c%29\dns</Filter>
    </ClCompile>
    <ClCompile Include="src\dhcp\tnet_dhcp.c">
      <Filter>source%28%2a.c%29\dhcp4</Filter>
    </ClCompile>
    <ClCompile Include="src\dhcp\tnet_dhcp_message.c">
      <Filter>source%28%2a.c%29\dhcp4</Filter>
    </ClCompile>
    <ClCompile Include="src\dhcp\tnet_dhcp_option.c">
      <Filter>source%28%2a.c%29\dhcp4</Filter>
    </ClCompile>
    <ClCompile Include="src\dhcp\tnet_dhcp_option_sip.c">
      <Filter>source%28%2a.c%29\dhcp4</Filter>
    </ClCompile>
    <ClCompile Include="src\dhcp6\tnet_dhcp6.c">
      <Filter>source%28%2a.c%29\dhcp6</Filter>
    </ClCompile>
    <ClCompile Include="src\dhcp6\tnet_dhcp6_duid.c">
      <Filter>source%28%2a.c%29\dhcp6</Filter>
    </ClCompile>
    <ClCompile Include="src\dhcp6\tnet_dhcp6_message.c">
      <Filter>source%28%2a.c%29\dhcp6</Filter>
    </ClCompile>
    <ClCompile Include="src\dhcp6\tnet_dhcp6_option.c">
      <Filter>source%28%2a.c%29\dhcp6</Filter>
    </ClCompile>
    <ClCompile Include="src\tls\tnet_dtls.c">
      <Filter>source%28%2a.c%29\tls</Filter>
    </ClCompile>
    <ClCompile Include="src\tls\tnet_tls.c">
      <Filter>source%28%2a.c%29\tls</Filter>
    </ClCompile>
  </ItemGroup>
  <ItemGroup>
    <ClInclude Include="src\tinynet.h">
      <Filter>include%28%2a.h%29</Filter>
    </ClInclude>
    <ClInclude Include="src\tinynet_config.h">
      <Filter>include%28%2a.h%29</Filter>
    </ClInclude>
    <ClInclude Include="src\tnet.h">
      <Filter>include%28%2a.h%29</Filter>
    </ClInclude>
    <ClInclude Include="src\tnet_auth.h">
      <Filter>include%28%2a.h%29</Filter>
    </ClInclude>
    <ClInclude Include="src\tnet_endianness.h">
      <Filter>include%28%2a.h%29</Filter>
    </ClInclude>
    <ClInclude Include="src\tnet_hardwares.h">
      <Filter>include%28%2a.h%29</Filter>
    </ClInclude>
    <ClInclude Include="src\tnet_nat.h">
      <Filter>include%28%2a.h%29</Filter>
    </ClInclude>
    <ClInclude Include="src\tnet_poll.h">
      <Filter>include%28%2a.h%29</Filter>
    </ClInclude>
    <ClInclude Include="src\tnet_proto.h">
      <Filter>include%28%2a.h%29</Filter>
    </ClInclude>
    <ClInclude Include="src\tnet_proxy_node_socks_plugin.h">
      <Filter>include%28%2a.h%29</Filter>
    </ClInclude>
    <ClInclude Include="src\tnet_proxy_plugin.h">
      <Filter>include%28%2a.h%29</Filter>
    </ClInclude>
    <ClInclude Include="src\tnet_proxydetect.h">
      <Filter>include%28%2a.h%29</Filter>
    </ClInclude>
    <ClInclude Include="src\tnet_socket.h">
      <Filter>include%28%2a.h%29</Filter>
    </ClInclude>
    <ClInclude Include="src\tnet_transport.h">
      <Filter>include%28%2a.h%29</Filter>
    </ClInclude>
    <ClInclude Include="src\tnet_types.h">
      <Filter>include%28%2a.h%29</Filter>
    </ClInclude>
    <ClInclude Include="src\tnet_utils.h">
      <Filter>include%28%2a.h%29</Filter>
    </ClInclude>
    <ClInclude Include="src\stun\tnet_stun.h">
      <Filter>include%28%2a.h%29\stun</Filter>
    </ClInclude>
    <ClInclude Include="src\stun\tnet_stun_attr.h">
      <Filter>include%28%2a.h%29\stun</Filter>
    </ClInclude>
    <ClInclude Include="src\stun\tnet_stun_attribute.h">
      <Filter>include%28%2a.h%29\stun</Filter>
    </ClInclude>
    <ClInclude Include="src\stun\tnet_stun_binding.h">
      <Filter>include%28%2a.h%29\stun</Filter>
    </ClInclude>
    <ClInclude Include="src\stun\tnet_stun_message.h">
      <Filter>include%28%2a.h%29\stun</Filter>
    </ClInclude>
    <ClInclude Include="src\stun\tnet_stun_pkt.h">
      <Filter>include%28%2a.h%29\stun</Filter>
    </ClInclude>
    <ClInclude Include="src\stun\tnet_stun_types.h">
      <Filter>include%28%2a.h%29\stun</Filter>
    </ClInclude>
    <ClInclude Include="src\stun\tnet_stun_utils.h">
      <Filter>include%28%2a.h%29\stun</Filter>
    </ClInclude>
    <ClInclude Include="src\turn\tnet_turn.h">
      <Filter>include%28%2a.h%29\turn</Filter>
    </ClInclude>
    <ClInclude Include="src\turn\tnet_turn_attr.h">
      <Filter>include%28%2a.h%29\turn</Filter>
    </ClInclude>
    <ClInclude Include="src\turn\tnet_turn_attribute.h">
      <Filter>include%28%2a.h%29\turn</Filter>
    </ClInclude>
    <ClInclude Include="src\turn\tnet_turn_message.h">
      <Filter>include%28%2a.h%29\turn</Filter>
    </ClInclude>
    <ClInclude Include="src\turn\tnet_turn_session.h">
      <Filter>include%28%2a.h%29\turn</Filter>
    </ClInclude>
    <ClInclude Include="src\ice\tnet_ice_candidate.h">
      <Filter>include%28%2a.h%29\ice</Filter>
    </ClInclude>
    <ClInclude Include="src\ice\tnet_ice_ctx.h">
      <Filter>include%28%2a.h%29\ice</Filter>
    </ClInclude>
    <ClInclude Include="src\ice\tnet_ice_event.h">
      <Filter>include%28%2a.h%29\ice</Filter>
    </ClInclude>
    <ClInclude Include="src\ice\tnet_ice_pair.h">
      <Filter>include%28%2a.h%29\ice</Filter>
    </ClInclude>
    <ClInclude Include="src\ice\tnet_ice_utils.h">
      <Filter>include%28%2a.h%29\ice</Filter>
    </ClInclude>
    <ClInclude Include="src\dns\tnet_dns.h">
      <Filter>include%28%2a.h%29\dns</Filter>
    </ClInclude>
    <ClInclude Include="src\dns\tnet_dns_a.h">
      <Filter>include%28%2a.h%29\dns</Filter>
    </ClInclude>
    <ClInclude Include="src\dns\tnet_dns_aaaa.h">
      <Filter>include%28%2a.h%29\dns</Filter>
    </ClInclude>
    <ClInclude Include="src\dns\tnet_dns_cname.h">
      <Filter>include%28%2a.h%29\dns</Filter>
    </ClInclude>
    <ClInclude Include="src\dns\tnet_dns_message.h">
      <Filter>include%28%2a.h%29\dns</Filter>
    </ClInclude>
    <ClInclude Include="src\dns\tnet_dns_mx.h">
      <Filter>include%28%2a.h%29\dns</Filter>
    </ClInclude>
    <ClInclude Include="src\dns\tnet_dns_naptr.h">
      <Filter>include%28%2a.h%29\dns</Filter>
    </ClInclude>
    <ClInclude Include="src\dns\tnet_dns_ns.h">
      <Filter>include%28%2a.h%29\dns</Filter>
    </ClInclude>
    <ClInclude Include="src\dns\tnet_dns_opt.h">
      <Filter>include%28%2a.h%29\dns</Filter>
    </ClInclude>
    <ClInclude Include="src\dns\tnet_dns_ptr.h">
      <Filter>include%28%2a.h%29\dns</Filter>
    </ClInclude>
    <ClInclude Include="src\dns\tnet_dns_regexp.h">
      <Filter>include%28%2a.h%29\dns</Filter>
    </ClInclude>
    <ClInclude Include="src\dns\tnet_dns_resolvconf.h">
      <Filter>include%28%2a.h%29\dns</Filter>
    </ClInclude>
    <ClInclude Include="src\dns\tnet_dns_rr.h">
      <Filter>include%28%2a.h%29\dns</Filter>
    </ClInclude>
    <ClInclude Include="src\dns\tnet_dns_soa.h">
      <Filter>include%28%2a.h%29\dns</Filter>
    </ClInclude>
    <ClInclude Include="src\dns\tnet_dns_srv.h">
      <Filter>include%28%2a.h%29\dns</Filter>
    </ClInclude>
    <ClInclude Include="src\dns\tnet_dns_txt.h">
      <Filter>include%28%2a.h%29\dns</Filter>
    </ClInclude>
    <ClInclude Include="src\dhcp\tnet_dhcp.h">
      <Filter>include%28%2a.h%29\dhcp</Filter>
    </ClInclude>
    <ClInclude Include="src\dhcp\tnet_dhcp_message.h">
      <Filter>include%28%2a.h%29\dhcp</Filter>
    </ClInclude>
    <ClInclude Include="src\dhcp\tnet_dhcp_option.h">
      <Filter>include%28%2a.h%29\dhcp</Filter>
    </ClInclude>
    <ClInclude Include="src\dhcp\tnet_dhcp_option_sip.h">
      <Filter>include%28%2a.h%29\dhcp</Filter>
    </ClInclude>
    <ClInclude Include="src\dhcp6\tnet_dhcp6.h">
      <Filter>include%28%2a.h%29\dhcp6</Filter>
    </ClInclude>
    <ClInclude Include="src\dhcp6\tnet_dhcp6_duid.h">
      <Filter>include%28%2a.h%29\dhcp6</Filter>
    </ClInclude>
    <ClInclude Include="src\dhcp6\tnet_dhcp6_message.h">
      <Filter>include%28%2a.h%29\dhcp6</Filter>
    </ClInclude>
    <ClInclude Include="src\dhcp6\tnet_dhcp6_option.h">
      <Filter>include%28%2a.h%29\dhcp6</Filter>
    </ClInclude>
    <ClInclude Include="src\tls\tnet_dtls.h">
      <Filter>include%28%2a.h%29\tls</Filter>
    </ClInclude>
    <ClInclude Include="src\tls\tnet_tls.h">
      <Filter>include%28%2a.h%29\tls</Filter>
    </ClInclude>
  </ItemGroup>
  <ItemGroup>
    <None Include="ragel\tnet_dns_regexp.rl">
      <Filter>ragel%28.rl%29</Filter>
    </None>
    <None Include="ragel\tnet_dns_resolvconf.rl">
      <Filter>ragel%28.rl%29</Filter>
    </None>
  </ItemGroup>
  <ItemGroup>
    <ResourceCompile Include="version.rc">
      <Filter>resources%28%2a.rc%29</Filter>
    </ResourceCompile>
  </ItemGroup>
</Project>